
Microsoft Visual Studio Solution File, Format Version 12.00
# Visual Studio Version 16
VisualStudioVersion = 16.0.29424.173
MinimumVisualStudioVersion = 10.0.40219.1
Project("{FAE04EC0-301F-11D3-BF4B-00C04F79EFBC}") = "YouTube-CustomAttributes", "YouTube-CustomAttributes\YouTube-CustomAttributes.csproj", "{044658F1-A7DC-44FC-BE06-FF34FD7E290E}"
EndProject
Global
	GlobalSection(SolutionConfigurationPlatforms) = preSolution
		Debug|Any CPU = Debug|Any CPU
		Release|Any CPU = Release|Any CPU
	EndGlobalSection
	GlobalSection(ProjectConfigurationPlatforms) = postSolution
		{044658F1-A7DC-44FC-BE06-FF34FD7E290E}.Debug|Any CPU.ActiveCfg = Debug|Any CPU
		{044658F1-A7DC-44FC-BE06-FF34FD7E290E}.Debug|Any CPU.Build.0 = Debug|Any CPU
		{044658F1-A7DC-44FC-BE06-FF34FD7E290E}.Release|Any CPU.ActiveCfg = Release|Any CPU
		{044658F1-A7DC-44FC-BE06-FF34FD7E290E}.Release|Any CPU.Build.0 = Release|Any CPU
	EndGlobalSection
	GlobalSection(SolutionProperties) = preSolution
		HideSolutionNode = FALSE
	EndGlobalSection
	GlobalSection(ExtensibilityGlobals) = postSolution
		SolutionGuid = {8C911520-DF79-4550-AAE9-E5FACAEDD7C5}
	EndGlobalSection
EndGlobal
